
Microsoft Visual Studio Solution File, Format Version 12.00
# Visual Studio Version 16
VisualStudioVersion = 16.0.32002.261
MinimumVisualStudioVersion = 10.0.40219.1
Project("{FAE04EC0-301F-11D3-BF4B-00C04F79EFBC}") = "Pong", "Pong\Pong.csproj", "{D2729B68-8C5A-4439-8731-EFE1D94C6DAB}"
EndProject
Global
	GlobalSection(SolutionConfigurationPlatforms) = preSolution
		Debug|Any CPU = Debug|Any CPU
		Release|Any CPU = Release|Any CPU
	EndGlobalSection
	GlobalSection(ProjectConfigurationPlatforms) = postSolution
		{D2729B68-8C5A-4439-8731-EFE1D94C6DAB}.Debug|Any CPU.ActiveCfg = Debug|Any CPU
		{D2729B68-8C5A-4439-8731-EFE1D94C6DAB}.Debug|Any CPU.Build.0 = Debug|Any CPU
		{D2729B68-8C5A-4439-8731-EFE1D94C6DAB}.Release|Any CPU.ActiveCfg = Release|Any CPU
		{D2729B68-8C5A-4439-8731-EFE1D94C6DAB}.Release|Any CPU.Build.0 = Release|Any CPU
	EndGlobalSection
	GlobalSection(SolutionProperties) = preSolution
		HideSolutionNode = FALSE
	EndGlobalSection
	GlobalSection(ExtensibilityGlobals) = postSolution
		SolutionGuid = {40774C0F-F0BE-4664-B37D-BC99166952FD}
	EndGlobalSection
EndGlobal
